
Microsoft Visual Studio Solution File, Format Version 12.00
# Visual Studio Version 16
VisualStudioVersion = 16.0.30114.105
MinimumVisualStudioVersion = 10.0.40219.1
Project("{FAE04EC0-301F-11D3-BF4B-00C04F79EFBC}") = "Assembly-CSharp", "Assembly-CSharp.csproj", "{5726281F-FCA8-6345-E137-082D2FFA1595}"
EndProject
Global
	GlobalSection(SolutionConfigurationPlatforms) = preSolution
		Debug|Any CPU = Debug|Any CPU
		Release|Any CPU = Release|Any CPU
	EndGlobalSection
	GlobalSection(ProjectConfigurationPlatforms) = postSolution
		{5726281F-FCA8-6345-E137-082D2FFA1595}.Debug|Any CPU.ActiveCfg = Debug|Any CPU
		{5726281F-FCA8-6345-E137-082D2FFA1595}.Debug|Any CPU.Build.0 = Debug|Any CPU
		{5726281F-FCA8-6345-E137-082D2FFA1595}.Release|Any CPU.ActiveCfg = Release|Any CPU
		{5726281F-FCA8-6345-E137-082D2FFA1595}.Release|Any CPU.Build.0 = Release|Any CPU
	EndGlobalSection
	GlobalSection(SolutionProperties) = preSolution
		HideSolutionNode = FALSE
	EndGlobalSection
	GlobalSection(ExtensibilityGlobals) = postSolution
		SolutionGuid = {97B37EC9-B4DE-4C8C-BA5F-754777550182}
	EndGlobalSection
	GlobalSection(MonoDevelopProperties) = preSolution
		StartupItem = Assembly-CSharp.csproj
	EndGlobalSection
EndGlobal
